
Microsoft Visual Studio Solution File, Format Version 12.00
# Visual Studio 14
VisualStudioVersion = 14.0.25420.1
MinimumVisualStudioVersion = 10.0.40219.1
Project("{FAE04EC0-301F-11D3-BF4B-00C04F79EFBC}") = "SlackBot", "SlackBot\SlackBot.csproj", "{DA68EEC4-9065-4BC7-B88B-C46260A74854}"
EndProject
Project("{FAE04EC0-301F-11D3-BF4B-00C04F79EFBC}") = "Tester", "Tester\Tester.csproj", "{0B11CAAC-9A37-4D4F-9C33-5A5CD82C99B3}"
EndProject
Global
	GlobalSection(SolutionConfigurationPlatforms) = preSolution
		Debug|Any CPU = Debug|Any CPU
		Release|Any CPU = Release|Any CPU
	EndGlobalSection
	GlobalSection(ProjectConfigurationPlatforms) = postSolution
		{DA68EEC4-9065-4BC7-B88B-C46260A74854}.Debug|Any CPU.ActiveCfg = Debug|Any CPU
		{DA68EEC4-9065-4BC7-B88B-C46260A74854}.Debug|Any CPU.Build.0 = Debug|Any CPU
		{DA68EEC4-9065-4BC7-B88B-C46260A74854}.Release|Any CPU.ActiveCfg = Release|Any CPU
		{DA68EEC4-9065-4BC7-B88B-C46260A74854}.Release|Any CPU.Build.0 = Release|Any CPU
		{0B11CAAC-9A37-4D4F-9C33-5A5CD82C99B3}.Debug|Any CPU.ActiveCfg = Debug|Any CPU
		{0B11CAAC-9A37-4D4F-9C33-5A5CD82C99B3}.Debug|Any CPU.Build.0 = Debug|Any CPU
		{0B11CAAC-9A37-4D4F-9C33-5A5CD82C99B3}.Release|Any CPU.ActiveCfg = Release|Any CPU
		{0B11CAAC-9A37-4D4F-9C33-5A5CD82C99B3}.Release|Any CPU.Build.0 = Release|Any CPU
	EndGlobalSection
	GlobalSection(SolutionProperties) = preSolution
		HideSolutionNode = FALSE
	EndGlobalSection
EndGlobal
